{
    "_meta": {
        "hash": {
            "sha256": "8a06957d22a9ecd17651ded54b390c1e5c13a57727e734703835ccf42b5a6078"
        },
        "pipfile-spec": 6,
        "requires": {
            "python_version": "3.8"
        },
        "sources": [
            {
                "name": "pypi",
                "url": "https://pypi.org/simple",
                "verify_ssl": true
            }
        ]
    },
    "default": {
        "gitdb": {
            "hashes": [
                "sha256:284a6a4554f954d6e737cddcff946404393e030b76a282c6640df8efd6b3da5e",
                "sha256:598e0096bb3175a0aab3a0b5aedaa18a9a25c6707e0eca0695ba1a0baf1b2150"
            ],
            "version": "==4.0.2"
        },
        "gitpython": {
            "hashes": [
                "sha256:43da89427bdf18bf07f1164c6d415750693b4d50e28fc9b68de706245147b9dd",
                "sha256:e426c3b587bd58c482f0b7fe6145ff4ac7ae6c82673fc656f489719abca6f4cb"
            ],
            "index": "pypi",
            "version": "==3.1.0"
        },
        "smmap": {
            "hashes": [
                "sha256:171484fe62793e3626c8b05dd752eb2ca01854b0c55a1efc0dc4210fccb65446",
                "sha256:5fead614cf2de17ee0707a8c6a5f2aa5a2fc6c698c70993ba42f515485ffda78"
            ],
            "version": "==3.0.1"
        }
    },
    "develop": {}
}
